
Microsoft Visual Studio Solution File, Format Version 12.00
# Visual Studio Version 16
VisualStudioVersion = 16.0.31424.327
MinimumVisualStudioVersion = 10.0.40219.1
Project("{FAE04EC0-301F-11D3-BF4B-00C04F79EFBC}") = "MoreMonsters", "MoreMonsters\MoreMonsters.csproj", "{AA6861F1-1EC5-446C-B28C-3F2B07CD05F8}"
EndProject
Global
	GlobalSection(SolutionConfigurationPlatforms) = preSolution
		Debug|Any CPU = Debug|Any CPU
		Release|Any CPU = Release|Any CPU
	EndGlobalSection
	GlobalSection(ProjectConfigurationPlatforms) = postSolution
		{AA6861F1-1EC5-446C-B28C-3F2B07CD05F8}.Debug|Any CPU.ActiveCfg = Debug|Any CPU
		{AA6861F1-1EC5-446C-B28C-3F2B07CD05F8}.Debug|Any CPU.Build.0 = Debug|Any CPU
		{AA6861F1-1EC5-446C-B28C-3F2B07CD05F8}.Release|Any CPU.ActiveCfg = Release|Any CPU
		{AA6861F1-1EC5-446C-B28C-3F2B07CD05F8}.Release|Any CPU.Build.0 = Release|Any CPU
	EndGlobalSection
	GlobalSection(SolutionProperties) = preSolution
		HideSolutionNode = FALSE
	EndGlobalSection
	GlobalSection(ExtensibilityGlobals) = postSolution
		SolutionGuid = {5AF0A82D-BBF5-463E-82CD-E1FEEB3DA6B1}
	EndGlobalSection
EndGlobal
